
Microsoft Visual Studio Solution File, Format Version 12.00
# Blend for Visual Studio Version 16
VisualStudioVersion = 16.0.30611.23
MinimumVisualStudioVersion = 10.0.40219.1
Project("{FAE04EC0-301F-11D3-BF4B-00C04F79EFBC}") = "BlendTemplates", "BlendTemplates\BlendTemplates.csproj", "{D00A4831-9EE5-4FE5-B225-7ED79A91A6D4}"
EndProject
Global
	GlobalSection(SolutionConfigurationPlatforms) = preSolution
		Debug|Any CPU = Debug|Any CPU
		Release|Any CPU = Release|Any CPU
	EndGlobalSection
	GlobalSection(ProjectConfigurationPlatforms) = postSolution
		{D00A4831-9EE5-4FE5-B225-7ED79A91A6D4}.Debug|Any CPU.ActiveCfg = Debug|Any CPU
		{D00A4831-9EE5-4FE5-B225-7ED79A91A6D4}.Debug|Any CPU.Build.0 = Debug|Any CPU
		{D00A4831-9EE5-4FE5-B225-7ED79A91A6D4}.Release|Any CPU.ActiveCfg = Release|Any CPU
		{D00A4831-9EE5-4FE5-B225-7ED79A91A6D4}.Release|Any CPU.Build.0 = Release|Any CPU
	EndGlobalSection
	GlobalSection(SolutionProperties) = preSolution
		HideSolutionNode = FALSE
	EndGlobalSection
	GlobalSection(ExtensibilityGlobals) = postSolution
		SolutionGuid = {9900BF6A-D600-46B6-A428-AA72581F4008}
	EndGlobalSection
EndGlobal
